{
  "lockfile_version": "1",
  "packages": {
    "codecrafters-cli@latest": {
      "last_modified": "2024-10-13T23:44:06Z",
      "resolved": "github:NixOS/nixpkgs/d4f247e89f6e10120f911e2e2d2254a050d0f732#codecrafters-cli",
      "source": "devbox-search",
      "version": "34",
      "systems": {
        "aarch64-darwin": {
          "outputs": [
            {
              "name": "out",
              "path": "/nix/store/inkyac6khc0r1l5nqrim8whf2xpyj558-codecrafters-cli-34",
              "default": true
            }
          ],
          "store_path": "/nix/store/inkyac6khc0r1l5nqrim8whf2xpyj558-codecrafters-cli-34"
        },
        "aarch64-linux": {
          "outputs": [
            {
              "name": "out",
              "path": "/nix/store/kxa9d02acyvh96di5mjs95i089rcr8n8-codecrafters-cli-34",
              "default": true
            }
          ],
          "store_path": "/nix/store/kxa9d02acyvh96di5mjs95i089rcr8n8-codecrafters-cli-34"
        },
        "x86_64-darwin": {
          "outputs": [
            {
              "name": "out",
              "path": "/nix/store/rvdgw6fb5xhcincasr7aavmh0jksw6jh-codecrafters-cli-34",
              "default": true
            }
          ],
          "store_path": "/nix/store/rvdgw6fb5xhcincasr7aavmh0jksw6jh-codecrafters-cli-34"
        },
        "x86_64-linux": {
          "outputs": [
            {
              "name": "out",
              "path": "/nix/store/sm9in9lps09byfn6j99imvi7azl612a9-codecrafters-cli-34",
              "default": true
            }
          ],
          "store_path": "/nix/store/sm9in9lps09byfn6j99imvi7azl612a9-codecrafters-cli-34"
        }
      }
    },
    "go@1.23.0": {
      "last_modified": "2024-08-31T10:12:23Z",
      "resolved": "github:NixOS/nixpkgs/5629520edecb69630a3f4d17d3d33fc96c13f6fe#go_1_23",
      "source": "devbox-search",
      "version": "1.23.0",
      "systems": {
        "aarch64-darwin": {
          "outputs": [
            {
              "name": "out",
              "path": "/nix/store/4cijk6gwv59c84h1l9yhxzsaz93f67mz-go-1.23.0",
              "default": true
            }
          ],
          "store_path": "/nix/store/4cijk6gwv59c84h1l9yhxzsaz93f67mz-go-1.23.0"
        },
        "aarch64-linux": {
          "outputs": [
            {
              "name": "out",
              "path": "/nix/store/mhwsyzk9v43q67ic34c02sxnsnbj7qbh-go-1.23.0",
              "default": true
            }
          ],
          "store_path": "/nix/store/mhwsyzk9v43q67ic34c02sxnsnbj7qbh-go-1.23.0"
        },
        "x86_64-darwin": {
          "outputs": [
            {
              "name": "out",
              "path": "/nix/store/vbcqda38ha9gqsbwjw4q0swpwlvmnb1i-go-1.23.0",
              "default": true
            }
          ],
          "store_path": "/nix/store/vbcqda38ha9gqsbwjw4q0swpwlvmnb1i-go-1.23.0"
        },
        "x86_64-linux": {
          "outputs": [
            {
              "name": "out",
              "path": "/nix/store/h5wkf711ql98c59n7yxa146jbjf9vrj5-go-1.23.0",
              "default": true
            }
          ],
          "store_path": "/nix/store/h5wkf711ql98c59n7yxa146jbjf9vrj5-go-1.23.0"
        }
      }
    }
  }
}
